
Microsoft Visual Studio Solution File, Format Version 12.00
Project("{FAE04EC0-301F-11D3-BF4B-00C04F79EFBC}") = "Agent.Tests", "Agent.Tests\Agent.Tests.csproj", "{6EC61468-E5D2-46E7-BAC6-39547D04A477}"
EndProject
Project("{FAE04EC0-301F-11D3-BF4B-00C04F79EFBC}") = "Agent.Application", "Agent.Application\Agent.Application.csproj", "{205F76D3-A069-4305-8F56-474676EF76F8}"
EndProject
Project("{FAE04EC0-301F-11D3-BF4B-00C04F79EFBC}") = "Agent.Infrastructure", "Agent.Infrastructure\Agent.Infrastructure.csproj", "{15808B77-FBAE-4285-84ED-287667C72B3B}"
EndProject
Project("{FAE04EC0-301F-11D3-BF4B-00C04F79EFBC}") = "Agent.Cli", "Agent.Cli\Agent.Cli.csproj", "{1BB16A90-CA9A-4ABC-8812-7867A0EFCF25}"
EndProject
Global
	GlobalSection(SolutionConfigurationPlatforms) = preSolution
		Debug|Any CPU = Debug|Any CPU
		Release|Any CPU = Release|Any CPU
	EndGlobalSection
	GlobalSection(ProjectConfigurationPlatforms) = postSolution
		{6EC61468-E5D2-46E7-BAC6-39547D04A477}.Debug|Any CPU.ActiveCfg = Debug|Any CPU
		{6EC61468-E5D2-46E7-BAC6-39547D04A477}.Debug|Any CPU.Build.0 = Debug|Any CPU
		{6EC61468-E5D2-46E7-BAC6-39547D04A477}.Release|Any CPU.ActiveCfg = Release|Any CPU
		{6EC61468-E5D2-46E7-BAC6-39547D04A477}.Release|Any CPU.Build.0 = Release|Any CPU
		{205F76D3-A069-4305-8F56-474676EF76F8}.Debug|Any CPU.ActiveCfg = Debug|Any CPU
		{205F76D3-A069-4305-8F56-474676EF76F8}.Debug|Any CPU.Build.0 = Debug|Any CPU
		{205F76D3-A069-4305-8F56-474676EF76F8}.Release|Any CPU.ActiveCfg = Release|Any CPU
		{205F76D3-A069-4305-8F56-474676EF76F8}.Release|Any CPU.Build.0 = Release|Any CPU
		{15808B77-FBAE-4285-84ED-287667C72B3B}.Debug|Any CPU.ActiveCfg = Debug|Any CPU
		{15808B77-FBAE-4285-84ED-287667C72B3B}.Debug|Any CPU.Build.0 = Debug|Any CPU
		{15808B77-FBAE-4285-84ED-287667C72B3B}.Release|Any CPU.ActiveCfg = Release|Any CPU
		{15808B77-FBAE-4285-84ED-287667C72B3B}.Release|Any CPU.Build.0 = Release|Any CPU
		{1BB16A90-CA9A-4ABC-8812-7867A0EFCF25}.Debug|Any CPU.ActiveCfg = Debug|Any CPU
		{1BB16A90-CA9A-4ABC-8812-7867A0EFCF25}.Debug|Any CPU.Build.0 = Debug|Any CPU
		{1BB16A90-CA9A-4ABC-8812-7867A0EFCF25}.Release|Any CPU.ActiveCfg = Release|Any CPU
		{1BB16A90-CA9A-4ABC-8812-7867A0EFCF25}.Release|Any CPU.Build.0 = Release|Any CPU
	EndGlobalSection
EndGlobal
